
Microsoft Visual Studio Solution File, Format Version 12.00
# Visual Studio Version 16
VisualStudioVersion = 16.0.30204.135
MinimumVisualStudioVersion = 10.0.40219.1
Project("{FAE04EC0-301F-11D3-BF4B-00C04F79EFBC}") = "StrategyPattern", "StrategyPattern.csproj", "{8CA259B6-1374-436A-82B5-FE9676EC63A4}"
EndProject
Project("{FAE04EC0-301F-11D3-BF4B-00C04F79EFBC}") = "Domain", "..\Domain\Domain.csproj", "{E7419671-3935-484F-B880-1D2CC71093EE}"
EndProject
Global
	GlobalSection(SolutionConfigurationPlatforms) = preSolution
		Debug|Any CPU = Debug|Any CPU
		Release|Any CPU = Release|Any CPU
	EndGlobalSection
	GlobalSection(ProjectConfigurationPlatforms) = postSolution
		{8CA259B6-1374-436A-82B5-FE9676EC63A4}.Debug|Any CPU.ActiveCfg = Debug|Any CPU
		{8CA259B6-1374-436A-82B5-FE9676EC63A4}.Debug|Any CPU.Build.0 = Debug|Any CPU
		{8CA259B6-1374-436A-82B5-FE9676EC63A4}.Release|Any CPU.ActiveCfg = Release|Any CPU
		{8CA259B6-1374-436A-82B5-FE9676EC63A4}.Release|Any CPU.Build.0 = Release|Any CPU
		{E7419671-3935-484F-B880-1D2CC71093EE}.Debug|Any CPU.ActiveCfg = Debug|Any CPU
		{E7419671-3935-484F-B880-1D2CC71093EE}.Debug|Any CPU.Build.0 = Debug|Any CPU
		{E7419671-3935-484F-B880-1D2CC71093EE}.Release|Any CPU.ActiveCfg = Release|Any CPU
		{E7419671-3935-484F-B880-1D2CC71093EE}.Release|Any CPU.Build.0 = Release|Any CPU
	EndGlobalSection
	GlobalSection(SolutionProperties) = preSolution
		HideSolutionNode = FALSE
	EndGlobalSection
	GlobalSection(ExtensibilityGlobals) = postSolution
		SolutionGuid = {7B96AADC-562D-4B40-AD43-214F08DA2083}
	EndGlobalSection
EndGlobal
